
Microsoft Visual Studio Solution File, Format Version 12.00
# Visual Studio Version 17
VisualStudioVersion = 17.10.35013.160
MinimumVisualStudioVersion = 10.0.40219.1
Project("{FAE04EC0-301F-11D3-BF4B-00C04F79EFBC}") = "GlobalSearchInAspNetCoreMVC", "GlobalSearchInAspNetCoreMVC.csproj", "{640D0DDF-CEB6-46A1-8CF5-ABE974BC60CE}"
EndProject
Global
	GlobalSection(SolutionConfigurationPlatforms) = preSolution
		Debug|Any CPU = Debug|Any CPU
		Release|Any CPU = Release|Any CPU
	EndGlobalSection
	GlobalSection(ProjectConfigurationPlatforms) = postSolution
		{640D0DDF-CEB6-46A1-8CF5-ABE974BC60CE}.Debug|Any CPU.ActiveCfg = Debug|Any CPU
		{640D0DDF-CEB6-46A1-8CF5-ABE974BC60CE}.Debug|Any CPU.Build.0 = Debug|Any CPU
		{640D0DDF-CEB6-46A1-8CF5-ABE974BC60CE}.Release|Any CPU.ActiveCfg = Release|Any CPU
		{640D0DDF-CEB6-46A1-8CF5-ABE974BC60CE}.Release|Any CPU.Build.0 = Release|Any CPU
	EndGlobalSection
	GlobalSection(SolutionProperties) = preSolution
		HideSolutionNode = FALSE
	EndGlobalSection
	GlobalSection(ExtensibilityGlobals) = postSolution
		SolutionGuid = {1587AE0A-BDB3-4665-A445-5F41526B6990}
	EndGlobalSection
EndGlobal
